
Microsoft Visual Studio Solution File, Format Version 12.00
# Visual Studio Version 17
VisualStudioVersion = 17.3.32929.385
MinimumVisualStudioVersion = 10.0.40219.1
Project("{8BC9CEB8-8B4A-11D0-8D11-00A0C91BC942}") = "Sandbox", "Sandbox\Sandbox.vcxproj", "{D5208469-F8F7-4D9D-BCF7-65C069E60B10}"
EndProject
Project("{8BC9CEB8-8B4A-11D0-8D11-00A0C91BC942}") = "Hazel", "Hazel\Hazel.vcxproj", "{A638BD8A-A65F-42CA-94E6-FBE477006D5A}"
EndProject
Global
	GlobalSection(SolutionConfigurationPlatforms) = preSolution
		Debug|x64 = Debug|x64
		Release|x64 = Release|x64
	EndGlobalSection
	GlobalSection(ProjectConfigurationPlatforms) = postSolution
		{A638BD8A-A65F-42CA-94E6-FBE477006D5A}.Debug|x64.ActiveCfg = Debug|x64
		{A638BD8A-A65F-42CA-94E6-FBE477006D5A}.Debug|x64.Build.0 = Debug|x64
		{A638BD8A-A65F-42CA-94E6-FBE477006D5A}.Release|x64.ActiveCfg = Release|x64
		{A638BD8A-A65F-42CA-94E6-FBE477006D5A}.Release|x64.Build.0 = Release|x64
		{D5208469-F8F7-4D9D-BCF7-65C069E60B10}.Debug|x64.ActiveCfg = Debug|x64
		{D5208469-F8F7-4D9D-BCF7-65C069E60B10}.Debug|x64.Build.0 = Debug|x64
		{D5208469-F8F7-4D9D-BCF7-65C069E60B10}.Release|x64.ActiveCfg = Release|x64
		{D5208469-F8F7-4D9D-BCF7-65C069E60B10}.Release|x64.Build.0 = Release|x64
	EndGlobalSection
	GlobalSection(SolutionProperties) = preSolution
		HideSolutionNode = FALSE
	EndGlobalSection
	GlobalSection(ExtensibilityGlobals) = postSolution
		SolutionGuid = {29BC8A62-1215-4DB5-872D-A3684733AEF6}
	EndGlobalSection
EndGlobal
